// !$*UTF8*$!
{
	archiveVersion = 1;
	classes = {
	};
	objectVersion = 56;
	objects = {

/* Begin PBXBuildFile section */
		5F2F561D2B9FEF720021B29D /* FunctionViewController.swift in Sources */ = {isa = PBXBuildFile; fileRef = 5F2F561C2B9FEF720021B29D /* FunctionViewController.swift */; };
		5F458DBC2B9E7D940074371D /* Lab2ViewController.swift in Sources */ = {isa = PBXBuildFile; fileRef = 5F458DBB2B9E7D940074371D /* Lab2ViewController.swift */; };
		5F458DC02B9E7DC00074371D /* Lab4ViewController.swift in Sources */ = {isa = PBXBuildFile; fileRef = 5F458DBF2B9E7DC00074371D /* Lab4ViewController.swift */; };
		5FB66F5A2B9DA13D008E8D1D /* QuadraticSceneViewController.swift in Sources */ = {isa = PBXBuildFile; fileRef = 5FB66F592B9DA13D008E8D1D /* QuadraticSceneViewController.swift */; };
		5FCE90432B9ECD930071062D /* MyLabsViewController.swift in Sources */ = {isa = PBXBuildFile; fileRef = 5FCE90422B9ECD930071062D /* MyLabsViewController.swift */; };
		5FCE90452B9ED8750071062D /* Lab3ViewController.swift in Sources */ = {isa = PBXBuildFile; fileRef = 5FCE90442B9ED8750071062D /* Lab3ViewController.swift */; };
		5FDC7A772B9D3389002B660A /* AppDelegate.swift in Sources */ = {isa = PBXBuildFile; fileRef = 5FDC7A762B9D3389002B660A /* AppDelegate.swift */; };
		5FDC7A792B9D3389002B660A /* SceneDelegate.swift in Sources */ = {isa = PBXBuildFile; fileRef = 5FDC7A782B9D3389002B660A /* SceneDelegate.swift */; };
		5FDC7A7B2B9D3389002B660A /* ViewController.swift in Sources */ = {isa = PBXBuildFile; fileRef = 5FDC7A7A2B9D3389002B660A /* ViewController.swift */; };
		5FDC7A7E2B9D3389002B660A /* Main.storyboard in Resources */ = {isa = PBXBuildFile; fileRef = 5FDC7A7C2B9D3389002B660A /* Main.storyboard */; };
		5FDC7A802B9D338A002B660A /* Assets.xcassets in Resources */ = {isa = PBXBuildFile; fileRef = 5FDC7A7F2B9D338A002B660A /* Assets.xcassets */; };
		5FDC7A832B9D338A002B660A /* LaunchScreen.storyboard in Resources */ = {isa = PBXBuildFile; fileRef = 5FDC7A812B9D338A002B660A /* LaunchScreen.storyboard */; };
		5FDC7A8E2B9D338B002B660A /* Shyama_Sodha_MT_8968768Tests.swift in Sources */ = {isa = PBXBuildFile; fileRef = 5FDC7A8D2B9D338B002B660A /* Shyama_Sodha_MT_8968768Tests.swift */; };
		5FDC7A982B9D338B002B660A /* Shyama_Sodha_MT_8968768UITests.swift in Sources */ = {isa = PBXBuildFile; fileRef = 5FDC7A972B9D338B002B660A /* Shyama_Sodha_MT_8968768UITests.swift */; };
		5FDC7A9A2B9D338B002B660A /* Shyama_Sodha_MT_8968768UITestsLaunchTests.swift in Sources */ = {isa = PBXBuildFile; fileRef = 5FDC7A992B9D338B002B660A /* Shyama_Sodha_MT_8968768UITestsLaunchTests.swift */; };
		5FDC7AA72B9D33C3002B660A /* CanadaSceneViewController.swift in Sources */ = {isa = PBXBuildFile; fileRef = 5FDC7AA62B9D33C3002B660A /* CanadaSceneViewController.swift */; };
/* End PBXBuildFile section */

/* Begin PBXContainerItemProxy section */
		5FDC7A8A2B9D338B002B660A /* PBXContainerItemProxy */ = {
			isa = PBXContainerItemProxy;
			containerPortal = 5FDC7A6B2B9D3389002B660A /* Project object */;
			proxyType = 1;
			remoteGlobalIDString = 5FDC7A722B9D3389002B660A;
			remoteInfo = Shyama_Sodha_MT_8968768;
		};
		5FDC7A942B9D338B002B660A /* PBXContainerItemProxy */ = {
			isa = PBXContainerItemProxy;
			containerPortal = 5FDC7A6B2B9D3389002B660A /* Project object */;
			proxyType = 1;
			remoteGlobalIDString = 5FDC7A722B9D3389002B660A;
			remoteInfo = Shyama_Sodha_MT_8968768;
		};
/* End PBXContainerItemProxy section */

/* Begin PBXFileReference section */
		5F2F561C2B9FEF720021B29D /* FunctionViewController.swift */ = {isa = PBXFileReference; lastKnownFileType = sourcecode.swift; path = FunctionViewController.swift; sourceTree = "<group>"; };
		5F458DBB2B9E7D940074371D /* Lab2ViewController.swift */ = {isa = PBXFileReference; lastKnownFileType = sourcecode.swift; path = Lab2ViewController.swift; sourceTree = "<group>"; };
		5F458DBF2B9E7DC00074371D /* Lab4ViewController.swift */ = {isa = PBXFileReference; lastKnownFileType = sourcecode.swift; path = Lab4ViewController.swift; sourceTree = "<group>"; };
		5FB66F592B9DA13D008E8D1D /* QuadraticSceneViewController.swift */ = {isa = PBXFileReference; lastKnownFileType = sourcecode.swift; path = QuadraticSceneViewController.swift; sourceTree = "<group>"; };
		5FCE90422B9ECD930071062D /* MyLabsViewController.swift */ = {isa = PBXFileReference; lastKnownFileType = sourcecode.swift; path = MyLabsViewController.swift; sourceTree = "<group>"; };
		5FCE90442B9ED8750071062D /* Lab3ViewController.swift */ = {isa = PBXFileReference; lastKnownFileType = sourcecode.swift; path = Lab3ViewController.swift; sourceTree = "<group>"; };
		5FDC7A732B9D3389002B660A /* Shyama_Sodha_MT_8968768.app */ = {isa = PBXFileReference; explicitFileType = wrapper.application; includeInIndex = 0; path = Shyama_Sodha_MT_8968768.app; sourceTree = BUILT_PRODUCTS_DIR; };
		5FDC7A762B9D3389002B660A /* AppDelegate.swift */ = {isa = PBXFileReference; lastKnownFileType = sourcecode.swift; path = AppDelegate.swift; sourceTree = "<group>"; };
		5FDC7A782B9D3389002B660A /* SceneDelegate.swift */ = {isa = PBXFileReference; lastKnownFileType = sourcecode.swift; path = SceneDelegate.swift; sourceTree = "<group>"; };
		5FDC7A7A2B9D3389002B660A /* ViewController.swift */ = {isa = PBXFileReference; lastKnownFileType = sourcecode.swift; path = ViewController.swift; sourceTree = "<group>"; };
		5FDC7A7D2B9D3389002B660A /* Base */ = {isa = PBXFileReference; lastKnownFileType = file.storyboard; name = Base; path = Base.lproj/Main.storyboard; sourceTree = "<group>"; };
		5FDC7A7F2B9D338A002B660A /* Assets.xcassets */ = {isa = PBXFileReference; lastKnownFileType = folder.assetcatalog; path = Assets.xcassets; sourceTree = "<group>"; };
		5FDC7A822B9D338A002B660A /* Base */ = {isa = PBXFileReference; lastKnownFileType = file.storyboard; name = Base; path = Base.lproj/LaunchScreen.storyboard; sourceTree = "<group>"; };
		5FDC7A842B9D338A002B660A /* Info.plist */ = {isa = PBXFileReference; lastKnownFileType = text.plist.xml; path = Info.plist; sourceTree = "<group>"; };
		5FDC7A892B9D338B002B660A /* Shyama_Sodha_MT_8968768Tests.xctest */ = {isa = PBXFileReference; explicitFileType = wrapper.cfbundle; includeInIndex = 0; path = Shyama_Sodha_MT_8968768Tests.xctest; sourceTree = BUILT_PRODUCTS_DIR; };
		5FDC7A8D2B9D338B002B660A /* Shyama_Sodha_MT_8968768Tests.swift */ = {isa = PBXFileReference; lastKnownFileType = sourcecode.swift; path = Shyama_Sodha_MT_8968768Tests.swift; sourceTree = "<group>"; };
		5FDC7A932B9D338B002B660A /* Shyama_Sodha_MT_8968768UITests.xctest */ = {isa = PBXFileReference; explicitFileType = wrapper.cfbundle; includeInIndex = 0; path = Shyama_Sodha_MT_8968768UITests.xctest; sourceTree = BUILT_PRODUCTS_DIR; };
		5FDC7A972B9D338B002B660A /* Shyama_Sodha_MT_8968768UITests.swift */ = {isa = PBXFileReference; lastKnownFileType = sourcecode.swift; path = Shyama_Sodha_MT_8968768UITests.swift; sourceTree = "<group>"; };
		5FDC7A992B9D338B002B660A /* Shyama_Sodha_MT_8968768UITestsLaunchTests.swift */ = {isa = PBXFileReference; lastKnownFileType = sourcecode.swift; path = Shyama_Sodha_MT_8968768UITestsLaunchTests.swift; sourceTree = "<group>"; };
		5FDC7AA62B9D33C3002B660A /* CanadaSceneViewController.swift */ = {isa = PBXFileReference; lastKnownFileType = sourcecode.swift; path = CanadaSceneViewController.swift; sourceTree = "<group>"; };
/* End PBXFileReference section */

/* Begin PBXFrameworksBuildPhase section */
		5FDC7A702B9D3389002B660A /* Frameworks */ = {
			isa = PBXFrameworksBuildPhase;
			buildActionMask = 2147483647;
			files = (
			);
			runOnlyForDeploymentPostprocessing = 0;
		};
		5FDC7A862B9D338B002B660A /* Frameworks */ = {
			isa = PBXFrameworksBuildPhase;
			buildActionMask = 2147483647;
			files = (
			);
			runOnlyForDeploymentPostprocessing = 0;
		};
		5FDC7A902B9D338B002B660A /* Frameworks */ = {
			isa = PBXFrameworksBuildPhase;
			buildActionMask = 2147483647;
			files = (
			);
			runOnlyForDeploymentPostprocessing = 0;
		};
/* End PBXFrameworksBuildPhase section */

/* Begin PBXGroup section */
		5FDC7A6A2B9D3389002B660A = {
			isa = PBXGroup;
			children = (
				5FDC7A752B9D3389002B660A /* Shyama_Sodha_MT_8968768 */,
				5FDC7A8C2B9D338B002B660A /* Shyama_Sodha_MT_8968768Tests */,
				5FDC7A962B9D338B002B660A /* Shyama_Sodha_MT_8968768UITests */,
				5FDC7A742B9D3389002B660A /* Products */,
			);
			sourceTree = "<group>";
		};
		5FDC7A742B9D3389002B660A /* Products */ = {
			isa = PBXGroup;
			children = (
				5FDC7A732B9D3389002B660A /* Shyama_Sodha_MT_8968768.app */,
				5FDC7A892B9D338B002B660A /* Shyama_Sodha_MT_8968768Tests.xctest */,
				5FDC7A932B9D338B002B660A /* Shyama_Sodha_MT_8968768UITests.xctest */,
			);
			name = Products;
			sourceTree = "<group>";
		};
		5FDC7A752B9D3389002B660A /* Shyama_Sodha_MT_8968768 */ = {
			isa = PBXGroup;
			children = (
				5FDC7AA62B9D33C3002B660A /* CanadaSceneViewController.swift */,
				5FB66F592B9DA13D008E8D1D /* QuadraticSceneViewController.swift */,
				5FCE90422B9ECD930071062D /* MyLabsViewController.swift */,
				5F458DBB2B9E7D940074371D /* Lab2ViewController.swift */,
				5FCE90442B9ED8750071062D /* Lab3ViewController.swift */,
				5F458DBF2B9E7DC00074371D /* Lab4ViewController.swift */,
				5FDC7A762B9D3389002B660A /* AppDelegate.swift */,
				5FDC7A782B9D3389002B660A /* SceneDelegate.swift */,
				5FDC7A7A2B9D3389002B660A /* ViewController.swift */,
				5FDC7A7C2B9D3389002B660A /* Main.storyboard */,
				5FDC7A7F2B9D338A002B660A /* Assets.xcassets */,
				5FDC7A812B9D338A002B660A /* LaunchScreen.storyboard */,
				5FDC7A842B9D338A002B660A /* Info.plist */,
				5F2F561C2B9FEF720021B29D /* FunctionViewController.swift */,
			);
			path = Shyama_Sodha_MT_8968768;
			sourceTree = "<group>";
		};
		5FDC7A8C2B9D338B002B660A /* Shyama_Sodha_MT_8968768Tests */ = {
			isa = PBXGroup;
			children = (
				5FDC7A8D2B9D338B002B660A /* Shyama_Sodha_MT_8968768Tests.swift */,
			);
			path = Shyama_Sodha_MT_8968768Tests;
			sourceTree = "<group>";
		};
		5FDC7A962B9D338B002B660A /* Shyama_Sodha_MT_8968768UITests */ = {
			isa = PBXGroup;
			children = (
				5FDC7A972B9D338B002B660A /* Shyama_Sodha_MT_8968768UITests.swift */,
				5FDC7A992B9D338B002B660A /* Shyama_Sodha_MT_8968768UITestsLaunchTests.swift */,
			);
			path = Shyama_Sodha_MT_8968768UITests;
			sourceTree = "<group>";
		};
/* End PBXGroup section */

/* Begin PBXNativeTarget section */
		5FDC7A722B9D3389002B660A /* Shyama_Sodha_MT_8968768 */ = {
			isa = PBXNativeTarget;
			buildConfigurationList = 5FDC7A9D2B9D338B002B660A /* Build configuration list for PBXNativeTarget "Shyama_Sodha_MT_8968768" */;
			buildPhases = (
				5FDC7A6F2B9D3389002B660A /* Sources */,
				5FDC7A702B9D3389002B660A /* Frameworks */,
				5FDC7A712B9D3389002B660A /* Resources */,
			);
			buildRules = (
			);
			dependencies = (
			);
			name = Shyama_Sodha_MT_8968768;
			productName = Shyama_Sodha_MT_8968768;
			productReference = 5FDC7A732B9D3389002B660A /* Shyama_Sodha_MT_8968768.app */;
			productType = "com.apple.product-type.application";
		};
		5FDC7A882B9D338B002B660A /* Shyama_Sodha_MT_8968768Tests */ = {
			isa = PBXNativeTarget;
			buildConfigurationList = 5FDC7AA02B9D338B002B660A /* Build configuration list for PBXNativeTarget "Shyama_Sodha_MT_8968768Tests" */;
			buildPhases = (
				5FDC7A852B9D338B002B660A /* Sources */,
				5FDC7A862B9D338B002B660A /* Frameworks */,
				5FDC7A872B9D338B002B660A /* Resources */,
			);
			buildRules = (
			);
			dependencies = (
				5FDC7A8B2B9D338B002B660A /* PBXTargetDependency */,
			);
			name = Shyama_Sodha_MT_8968768Tests;
			productName = Shyama_Sodha_MT_8968768Tests;
			productReference = 5FDC7A892B9D338B002B660A /* Shyama_Sodha_MT_8968768Tests.xctest */;
			productType = "com.apple.product-type.bundle.unit-test";
		};
		5FDC7A922B9D338B002B660A /* Shyama_Sodha_MT_8968768UITests */ = {
			isa = PBXNativeTarget;
			buildConfigurationList = 5FDC7AA32B9D338B002B660A /* Build configuration list for PBXNativeTarget "Shyama_Sodha_MT_8968768UITests" */;
			buildPhases = (
				5FDC7A8F2B9D338B002B660A /* Sources */,
				5FDC7A902B9D338B002B660A /* Frameworks */,
				5FDC7A912B9D338B002B660A /* Resources */,
			);
			buildRules = (
			);
			dependencies = (
				5FDC7A952B9D338B002B660A /* PBXTargetDependency */,
			);
			name = Shyama_Sodha_MT_8968768UITests;
			productName = Shyama_Sodha_MT_8968768UITests;
			productReference = 5FDC7A932B9D338B002B660A /* Shyama_Sodha_MT_8968768UITests.xctest */;
			productType = "com.apple.product-type.bundle.ui-testing";
		};
/* End PBXNativeTarget section */

/* Begin PBXProject section */
		5FDC7A6B2B9D3389002B660A /* Project object */ = {
			isa = PBXProject;
			attributes = {
				BuildIndependentTargetsInParallel = 1;
				LastSwiftUpdateCheck = 1420;
				LastUpgradeCheck = 1420;
				TargetAttributes = {
					5FDC7A722B9D3389002B660A = {
						CreatedOnToolsVersion = 14.2;
					};
					5FDC7A882B9D338B002B660A = {
						CreatedOnToolsVersion = 14.2;
						TestTargetID = 5FDC7A722B9D3389002B660A;
					};
					5FDC7A922B9D338B002B660A = {
						CreatedOnToolsVersion = 14.2;
						TestTargetID = 5FDC7A722B9D3389002B660A;
					};
				};
			};
			buildConfigurationList = 5FDC7A6E2B9D3389002B660A /* Build configuration list for PBXProject "Shyama_Sodha_MT_8968768" */;
			compatibilityVersion = "Xcode 14.0";
			developmentRegion = en;
			hasScannedForEncodings = 0;
			knownRegions = (
				en,
				Base,
			);
			mainGroup = 5FDC7A6A2B9D3389002B660A;
			productRefGroup = 5FDC7A742B9D3389002B660A /* Products */;
			projectDirPath = "";
			projectRoot = "";
			targets = (
				5FDC7A722B9D3389002B660A /* Shyama_Sodha_MT_8968768 */,
				5FDC7A882B9D338B002B660A /* Shyama_Sodha_MT_8968768Tests */,
				5FDC7A922B9D338B002B660A /* Shyama_Sodha_MT_8968768UITests */,
			);
		};
/* End PBXProject section */

/* Begin PBXResourcesBuildPhase section */
		5FDC7A712B9D3389002B660A /* Resources */ = {
			isa = PBXResourcesBuildPhase;
			buildActionMask = 2147483647;
			files = (
				5FDC7A832B9D338A002B660A /* LaunchScreen.storyboard in Resources */,
				5FDC7A802B9D338A002B660A /* Assets.xcassets in Resources */,
				5FDC7A7E2B9D3389002B660A /* Main.storyboard in Resources */,
			);
			runOnlyForDeploymentPostprocessing = 0;
		};
		5FDC7A872B9D338B002B660A /* Resources */ = {
			isa = PBXResourcesBuildPhase;
			buildActionMask = 2147483647;
			files = (
			);
			runOnlyForDeploymentPostprocessing = 0;
		};
		5FDC7A912B9D338B002B660A /* Resources */ = {
			isa = PBXResourcesBuildPhase;
			buildActionMask = 2147483647;
			files = (
			);
			runOnlyForDeploymentPostprocessing = 0;
		};
/* End PBXResourcesBuildPhase section */

/* Begin PBXSourcesBuildPhase section */
		5FDC7A6F2B9D3389002B660A /* Sources */ = {
			isa = PBXSourcesBuildPhase;
			buildActionMask = 2147483647;
			files = (
				5FB66F5A2B9DA13D008E8D1D /* QuadraticSceneViewController.swift in Sources */,
				5FDC7A7B2B9D3389002B660A /* ViewController.swift in Sources */,
				5FDC7A772B9D3389002B660A /* AppDelegate.swift in Sources */,
				5FCE90432B9ECD930071062D /* MyLabsViewController.swift in Sources */,
				5F458DBC2B9E7D940074371D /* Lab2ViewController.swift in Sources */,
				5FCE90452B9ED8750071062D /* Lab3ViewController.swift in Sources */,
				5F458DC02B9E7DC00074371D /* Lab4ViewController.swift in Sources */,
				5FDC7A792B9D3389002B660A /* SceneDelegate.swift in Sources */,
				5F2F561D2B9FEF720021B29D /* FunctionViewController.swift in Sources */,
				5FDC7AA72B9D33C3002B660A /* CanadaSceneViewController.swift in Sources */,
			);
			runOnlyForDeploymentPostprocessing = 0;
		};
		5FDC7A852B9D338B002B660A /* Sources */ = {
			isa = PBXSourcesBuildPhase;
			buildActionMask = 2147483647;
			files = (
				5FDC7A8E2B9D338B002B660A /* Shyama_Sodha_MT_8968768Tests.swift in Sources */,
			);
			runOnlyForDeploymentPostprocessing = 0;
		};
		5FDC7A8F2B9D338B002B660A /* Sources */ = {
			isa = PBXSourcesBuildPhase;
			buildActionMask = 2147483647;
			files = (
				5FDC7A982B9D338B002B660A /* Shyama_Sodha_MT_8968768UITests.swift in Sources */,
				5FDC7A9A2B9D338B002B660A /* Shyama_Sodha_MT_8968768UITestsLaunchTests.swift in Sources */,
			);
			runOnlyForDeploymentPostprocessing = 0;
		};
/* End PBXSourcesBuildPhase section */

/* Begin PBXTargetDependency section */
		5FDC7A8B2B9D338B002B660A /* PBXTargetDependency */ = {
			isa = PBXTargetDependency;
			target = 5FDC7A722B9D3389002B660A /* Shyama_Sodha_MT_8968768 */;
			targetProxy = 5FDC7A8A2B9D338B002B660A /* PBXContainerItemProxy */;
		};
		5FDC7A952B9D338B002B660A /* PBXTargetDependency */ = {
			isa = PBXTargetDependency;
			target = 5FDC7A722B9D3389002B660A /* Shyama_Sodha_MT_8968768 */;
			targetProxy = 5FDC7A942B9D338B002B660A /* PBXContainerItemProxy */;
		};
/* End PBXTargetDependency section */

/* Begin PBXVariantGroup section */
		5FDC7A7C2B9D3389002B660A /* Main.storyboard */ = {
			isa = PBXVariantGroup;
			children = (
				5FDC7A7D2B9D3389002B660A /* Base */,
			);
			name = Main.storyboard;
			sourceTree = "<group>";
		};
		5FDC7A812B9D338A002B660A /* LaunchScreen.storyboard */ = {
			isa = PBXVariantGroup;
			children = (
				5FDC7A822B9D338A002B660A /* Base */,
			);
			name = LaunchScreen.storyboard;
			sourceTree = "<group>";
		};
/* End PBXVariantGroup section */

/* Begin XCBuildConfiguration section */
		5FDC7A9B2B9D338B002B660A /* Debug */ = {
			isa = XCBuildConfiguration;
			buildSettings = {
				ALWAYS_SEARCH_USER_PATHS = NO;
				CLANG_ANALYZER_NONNULL = YES;
				CLANG_ANALYZER_NUMBER_OBJECT_CONVERSION = YES_AGGRESSIVE;
				CLANG_CXX_LANGUAGE_STANDARD = "gnu++20";
				CLANG_ENABLE_MODULES = YES;
				CLANG_ENABLE_OBJC_ARC = YES;
				CLANG_ENABLE_OBJC_WEAK = YES;
				CLANG_WARN_BLOCK_CAPTURE_AUTORELEASING = YES;
				CLANG_WARN_BOOL_CONVERSION = YES;
				CLANG_WARN_COMMA = YES;
				CLANG_WARN_CONSTANT_CONVERSION = YES;
				CLANG_WARN_DEPRECATED_OBJC_IMPLEMENTATIONS = YES;
				CLANG_WARN_DIRECT_OBJC_ISA_USAGE = YES_ERROR;
				CLANG_WARN_DOCUMENTATION_COMMENTS = YES;
				CLANG_WARN_EMPTY_BODY = YES;
				CLANG_WARN_ENUM_CONVERSION = YES;
				CLANG_WARN_INFINITE_RECURSION = YES;
				CLANG_WARN_INT_CONVERSION = YES;
				CLANG_WARN_NON_LITERAL_NULL_CONVERSION = YES;
				CLANG_WARN_OBJC_IMPLICIT_RETAIN_SELF = YES;
				CLANG_WARN_OBJC_LITERAL_CONVERSION = YES;
				CLANG_WARN_OBJC_ROOT_CLASS = YES_ERROR;
				CLANG_WARN_QUOTED_INCLUDE_IN_FRAMEWORK_HEADER = YES;
				CLANG_WARN_RANGE_LOOP_ANALYSIS = YES;
				CLANG_WARN_STRICT_PROTOTYPES = YES;
				CLANG_WARN_SUSPICIOUS_MOVE = YES;
				CLANG_WARN_UNGUARDED_AVAILABILITY = YES_AGGRESSIVE;
				CLANG_WARN_UNREACHABLE_CODE = YES;
				CLANG_WARN__DUPLICATE_METHOD_MATCH = YES;
				COPY_PHASE_STRIP = NO;
				DEBUG_INFORMATION_FORMAT = dwarf;
				ENABLE_STRICT_OBJC_MSGSEND = YES;
				ENABLE_TESTABILITY = YES;
				GCC_C_LANGUAGE_STANDARD = gnu11;
				GCC_DYNAMIC_NO_PIC = NO;
				GCC_NO_COMMON_BLOCKS = YES;
				GCC_OPTIMIZATION_LEVEL = 0;
				GCC_PREPROCESSOR_DEFINITIONS = (
					"DEBUG=1",
					"$(inherited)",
				);
				GCC_WARN_64_TO_32_BIT_CONVERSION = YES;
				GCC_WARN_ABOUT_RETURN_TYPE = YES_ERROR;
				GCC_WARN_UNDECLARED_SELECTOR = YES;
				GCC_WARN_UNINITIALIZED_AUTOS = YES_AGGRESSIVE;
				GCC_WARN_UNUSED_FUNCTION = YES;
				GCC_WARN_UNUSED_VARIABLE = YES;
				IPHONEOS_DEPLOYMENT_TARGET = 16.2;
				MTL_ENABLE_DEBUG_INFO = INCLUDE_SOURCE;
				MTL_FAST_MATH = YES;
				ONLY_ACTIVE_ARCH = YES;
				SDKROOT = iphoneos;
				SWIFT_ACTIVE_COMPILATION_CONDITIONS = DEBUG;
				SWIFT_OPTIMIZATION_LEVEL = "-Onone";
			};
			name = Debug;
		};
		5FDC7A9C2B9D338B002B660A /* Release */ = {
			isa = XCBuildConfiguration;
			buildSettings = {
				ALWAYS_SEARCH_USER_PATHS = NO;
				CLANG_ANALYZER_NONNULL = YES;
				CLANG_ANALYZER_NUMBER_OBJECT_CONVERSION = YES_AGGRESSIVE;
				CLANG_CXX_LANGUAGE_STANDARD = "gnu++20";
				CLANG_ENABLE_MODULES = YES;
				CLANG_ENABLE_OBJC_ARC = YES;
				CLANG_ENABLE_OBJC_WEAK = YES;
				CLANG_WARN_BLOCK_CAPTURE_AUTORELEASING = YES;
				CLANG_WARN_BOOL_CONVERSION = YES;
				CLANG_WARN_COMMA = YES;
				CLANG_WARN_CONSTANT_CONVERSION = YES;
				CLANG_WARN_DEPRECATED_OBJC_IMPLEMENTATIONS = YES;
				CLANG_WARN_DIRECT_OBJC_ISA_USAGE = YES_ERROR;
				CLANG_WARN_DOCUMENTATION_COMMENTS = YES;
				CLANG_WARN_EMPTY_BODY = YES;
				CLANG_WARN_ENUM_CONVERSION = YES;
				CLANG_WARN_INFINITE_RECURSION = YES;
				CLANG_WARN_INT_CONVERSION = YES;
				CLANG_WARN_NON_LITERAL_NULL_CONVERSION = YES;
				CLANG_WARN_OBJC_IMPLICIT_RETAIN_SELF = YES;
				CLANG_WARN_OBJC_LITERAL_CONVERSION = YES;
				CLANG_WARN_OBJC_ROOT_CLASS = YES_ERROR;
				CLANG_WARN_QUOTED_INCLUDE_IN_FRAMEWORK_HEADER = YES;
				CLANG_WARN_RANGE_LOOP_ANALYSIS = YES;
				CLANG_WARN_STRICT_PROTOTYPES = YES;
				CLANG_WARN_SUSPICIOUS_MOVE = YES;
				CLANG_WARN_UNGUARDED_AVAILABILITY = YES_AGGRESSIVE;
				CLANG_WARN_UNREACHABLE_CODE = YES;
				CLANG_WARN__DUPLICATE_METHOD_MATCH = YES;
				COPY_PHASE_STRIP = NO;
				DEBUG_INFORMATION_FORMAT = "dwarf-with-dsym";
				ENABLE_NS_ASSERTIONS = NO;
				ENABLE_STRICT_OBJC_MSGSEND = YES;
				GCC_C_LANGUAGE_STANDARD = gnu11;
				GCC_NO_COMMON_BLOCKS = YES;
				GCC_WARN_64_TO_32_BIT_CONVERSION = YES;
				GCC_WARN_ABOUT_RETURN_TYPE = YES_ERROR;
				GCC_WARN_UNDECLARED_SELECTOR = YES;
				GCC_WARN_UNINITIALIZED_AUTOS = YES_AGGRESSIVE;
				GCC_WARN_UNUSED_FUNCTION = YES;
				GCC_WARN_UNUSED_VARIABLE = YES;
				IPHONEOS_DEPLOYMENT_TARGET = 16.2;
				MTL_ENABLE_DEBUG_INFO = NO;
				MTL_FAST_MATH = YES;
				SDKROOT = iphoneos;
				SWIFT_COMPILATION_MODE = wholemodule;
				SWIFT_OPTIMIZATION_LEVEL = "-O";
				VALIDATE_PRODUCT = YES;
			};
			name = Release;
		};
		5FDC7A9E2B9D338B002B660A /* Debug */ = {
			isa = XCBuildConfiguration;
			buildSettings = {
				ASSETCATALOG_COMPILER_APPICON_NAME = AppIcon;
				ASSETCATALOG_COMPILER_GLOBAL_ACCENT_COLOR_NAME = AccentColor;
				CODE_SIGN_STYLE = Automatic;
				CURRENT_PROJECT_VERSION = 1;
				GENERATE_INFOPLIST_FILE = YES;
				INFOPLIST_FILE = Shyama_Sodha_MT_8968768/Info.plist;
				INFOPLIST_KEY_UIApplicationSupportsIndirectInputEvents = YES;
				INFOPLIST_KEY_UILaunchStoryboardName = LaunchScreen;
				INFOPLIST_KEY_UIMainStoryboardFile = Main;
				INFOPLIST_KEY_UIStatusBarStyle = "";
				INFOPLIST_KEY_UISupportedInterfaceOrientations = UIInterfaceOrientationPortrait;
				LD_RUNPATH_SEARCH_PATHS = (
					"$(inherited)",
					"@executable_path/Frameworks",
				);
				MARKETING_VERSION = 1.0;
				PRODUCT_BUNDLE_IDENTIFIER = "com.conestoga.Shyama-Sodha-MT-8968768";
				PRODUCT_NAME = "$(TARGET_NAME)";
				SUPPORTED_PLATFORMS = "iphoneos iphonesimulator";
				SUPPORTS_MACCATALYST = NO;
				SUPPORTS_MAC_DESIGNED_FOR_IPHONE_IPAD = NO;
				SWIFT_EMIT_LOC_STRINGS = YES;
				SWIFT_VERSION = 5.0;
				TARGETED_DEVICE_FAMILY = 1;
			};
			name = Debug;
		};
		5FDC7A9F2B9D338B002B660A /* Release */ = {
			isa = XCBuildConfiguration;
			buildSettings = {
				ASSETCATALOG_COMPILER_APPICON_NAME = AppIcon;
				ASSETCATALOG_COMPILER_GLOBAL_ACCENT_COLOR_NAME = AccentColor;
				CODE_SIGN_STYLE = Automatic;
				CURRENT_PROJECT_VERSION = 1;
				GENERATE_INFOPLIST_FILE = YES;
				INFOPLIST_FILE = Shyama_Sodha_MT_8968768/Info.plist;
				INFOPLIST_KEY_UIApplicationSupportsIndirectInputEvents = YES;
				INFOPLIST_KEY_UILaunchStoryboardName = LaunchScreen;
				INFOPLIST_KEY_UIMainStoryboardFile = Main;
				INFOPLIST_KEY_UIStatusBarStyle = "";
				INFOPLIST_KEY_UISupportedInterfaceOrientations = UIInterfaceOrientationPortrait;
				LD_RUNPATH_SEARCH_PATHS = (
					"$(inherited)",
					"@executable_path/Frameworks",
				);
				MARKETING_VERSION = 1.0;
				PRODUCT_BUNDLE_IDENTIFIER = "com.conestoga.Shyama-Sodha-MT-8968768";
				PRODUCT_NAME = "$(TARGET_NAME)";
				SUPPORTED_PLATFORMS = "iphoneos iphonesimulator";
				SUPPORTS_MACCATALYST = NO;
				SUPPORTS_MAC_DESIGNED_FOR_IPHONE_IPAD = NO;
				SWIFT_EMIT_LOC_STRINGS = YES;
				SWIFT_VERSION = 5.0;
				TARGETED_DEVICE_FAMILY = 1;
			};
			name = Release;
		};
		5FDC7AA12B9D338B002B660A /* Debug */ = {
			isa = XCBuildConfiguration;
			buildSettings = {
				ALWAYS_EMBED_SWIFT_STANDARD_LIBRARIES = YES;
				BUNDLE_LOADER = "$(TEST_HOST)";
				CODE_SIGN_STYLE = Automatic;
				CURRENT_PROJECT_VERSION = 1;
				GENERATE_INFOPLIST_FILE = YES;
				IPHONEOS_DEPLOYMENT_TARGET = 16.2;
				MARKETING_VERSION = 1.0;
				PRODUCT_BUNDLE_IDENTIFIER = "com.conestoga.Shyama-Sodha-MT-8968768Tests";
				PRODUCT_NAME = "$(TARGET_NAME)";
				SWIFT_EMIT_LOC_STRINGS = NO;
				SWIFT_VERSION = 5.0;
				TARGETED_DEVICE_FAMILY = "1,2";
				TEST_HOST = "$(BUILT_PRODUCTS_DIR)/Shyama_Sodha_MT_8968768.app/$(BUNDLE_EXECUTABLE_FOLDER_PATH)/Shyama_Sodha_MT_8968768";
			};
			name = Debug;
		};
		5FDC7AA22B9D338B002B660A /* Release */ = {
			isa = XCBuildConfiguration;
			buildSettings = {
				ALWAYS_EMBED_SWIFT_STANDARD_LIBRARIES = YES;
				BUNDLE_LOADER = "$(TEST_HOST)";
				CODE_SIGN_STYLE = Automatic;
				CURRENT_PROJECT_VERSION = 1;
				GENERATE_INFOPLIST_FILE = YES;
				IPHONEOS_DEPLOYMENT_TARGET = 16.2;
				MARKETING_VERSION = 1.0;
				PRODUCT_BUNDLE_IDENTIFIER = "com.conestoga.Shyama-Sodha-MT-8968768Tests";
				PRODUCT_NAME = "$(TARGET_NAME)";
				SWIFT_EMIT_LOC_STRINGS = NO;
				SWIFT_VERSION = 5.0;
				TARGETED_DEVICE_FAMILY = "1,2";
				TEST_HOST = "$(BUILT_PRODUCTS_DIR)/Shyama_Sodha_MT_8968768.app/$(BUNDLE_EXECUTABLE_FOLDER_PATH)/Shyama_Sodha_MT_8968768";
			};
			name = Release;
		};
		5FDC7AA42B9D338B002B660A /* Debug */ = {
			isa = XCBuildConfiguration;
			buildSettings = {
				ALWAYS_EMBED_SWIFT_STANDARD_LIBRARIES = YES;
				CODE_SIGN_STYLE = Automatic;
				CURRENT_PROJECT_VERSION = 1;
				GENERATE_INFOPLIST_FILE = YES;
				MARKETING_VERSION = 1.0;
				PRODUCT_BUNDLE_IDENTIFIER = "com.conestoga.Shyama-Sodha-MT-8968768UITests";
				PRODUCT_NAME = "$(TARGET_NAME)";
				SWIFT_EMIT_LOC_STRINGS = NO;
				SWIFT_VERSION = 5.0;
				TARGETED_DEVICE_FAMILY = "1,2";
				TEST_TARGET_NAME = Shyama_Sodha_MT_8968768;
			};
			name = Debug;
		};
		5FDC7AA52B9D338B002B660A /* Release */ = {
			isa = XCBuildConfiguration;
			buildSettings = {
				ALWAYS_EMBED_SWIFT_STANDARD_LIBRARIES = YES;
				CODE_SIGN_STYLE = Automatic;
				CURRENT_PROJECT_VERSION = 1;
				GENERATE_INFOPLIST_FILE = YES;
				MARKETING_VERSION = 1.0;
				PRODUCT_BUNDLE_IDENTIFIER = "com.conestoga.Shyama-Sodha-MT-8968768UITests";
				PRODUCT_NAME = "$(TARGET_NAME)";
				SWIFT_EMIT_LOC_STRINGS = NO;
				SWIFT_VERSION = 5.0;
				TARGETED_DEVICE_FAMILY = "1,2";
				TEST_TARGET_NAME = Shyama_Sodha_MT_8968768;
			};
			name = Release;
		};
/* End XCBuildConfiguration section */

/* Begin XCConfigurationList section */
		5FDC7A6E2B9D3389002B660A /* Build configuration list for PBXProject "Shyama_Sodha_MT_8968768" */ = {
			isa = XCConfigurationList;
			buildConfigurations = (
				5FDC7A9B2B9D338B002B660A /* Debug */,
				5FDC7A9C2B9D338B002B660A /* Release */,
			);
			defaultConfigurationIsVisible = 0;
			defaultConfigurationName = Release;
		};
		5FDC7A9D2B9D338B002B660A /* Build configuration list for PBXNativeTarget "Shyama_Sodha_MT_8968768" */ = {
			isa = XCConfigurationList;
			buildConfigurations = (
				5FDC7A9E2B9D338B002B660A /* Debug */,
				5FDC7A9F2B9D338B002B660A /* Release */,
			);
			defaultConfigurationIsVisible = 0;
			defaultConfigurationName = Release;
		};
		5FDC7AA02B9D338B002B660A /* Build configuration list for PBXNativeTarget "Shyama_Sodha_MT_8968768Tests" */ = {
			isa = XCConfigurationList;
			buildConfigurations = (
				5FDC7AA12B9D338B002B660A /* Debug */,
				5FDC7AA22B9D338B002B660A /* Release */,
			);
			defaultConfigurationIsVisible = 0;
			defaultConfigurationName = Release;
		};
		5FDC7AA32B9D338B002B660A /* Build configuration list for PBXNativeTarget "Shyama_Sodha_MT_8968768UITests" */ = {
			isa = XCConfigurationList;
			buildConfigurations = (
				5FDC7AA42B9D338B002B660A /* Debug */,
				5FDC7AA52B9D338B002B660A /* Release */,
			);
			defaultConfigurationIsVisible = 0;
			defaultConfigurationName = Release;
		};
/* End XCConfigurationList section */
	};
	rootObject = 5FDC7A6B2B9D3389002B660A /* Project object */;
}
